{
    "_meta": {
        "hash": {
            "sha256": "4abffa171b8411823991feff53ccf502aea749e37ea105bbe5e8d8e86c93f1e0"
        },
        "host-environment-markers": {
            "implementation_name": "cpython",
            "implementation_version": "3.7.0b1",
            "os_name": "posix",
            "platform_machine": "x86_64",
            "platform_python_implementation": "CPython",
            "platform_release": "4.4.0-138-generic",
            "platform_system": "Linux",
            "platform_version": "#164-Ubuntu SMP Tue Oct 2 17:16:02 UTC 2018",
            "python_full_version": "3.7.0b1",
            "python_version": "3.7",
            "sys_platform": "linux"
        },
        "pipfile-spec": 6,
        "requires": {
            "python_version": "3.7"
        },
        "sources": [
            {
                "name": "pypi",
                "url": "https://pypi.org/simple",
                "verify_ssl": true
            }
        ]
    },
    "default": {
        "asn1crypto": {
            "hashes": [],
            "version": "==0.24.0"
        },
        "attrs": {
            "hashes": [],
            "version": "==19.1.0"
        },
        "automat": {
            "hashes": [],
            "version": "==0.7.0"
        },
        "boto3": {
            "hashes": [],
            "version": "==1.9.104"
        },
        "botocore": {
            "hashes": [],
            "version": "==1.12.115"
        },
        "cffi": {
            "hashes": [],
            "version": "==1.12.2"
        },
        "constantly": {
            "hashes": [],
            "version": "==15.1.0"
        },
        "cryptography": {
            "hashes": [],
            "version": "==2.6.1"
        },
        "cssselect": {
            "hashes": [],
            "version": "==1.0.3"
        },
        "docutils": {
            "hashes": [],
            "version": "==0.14"
        },
        "hyperlink": {
            "hashes": [],
            "version": "==18.0.0"
        },
        "idna": {
            "hashes": [],
            "version": "==2.8"
        },
        "incremental": {
            "hashes": [],
            "version": "==17.5.0"
        },
        "jmespath": {
            "hashes": [],
            "version": "==0.9.4"
        },
        "lxml": {
            "hashes": [],
            "version": "==4.3.2"
        },
        "parsel": {
            "hashes": [],
            "version": "==1.5.1"
        },
        "pyasn1": {
            "hashes": [],
            "version": "==0.4.5"
        },
        "pyasn1-modules": {
            "hashes": [],
            "version": "==0.2.4"
        },
        "pycparser": {
            "hashes": [],
            "version": "==2.19"
        },
        "pydispatcher": {
            "hashes": [],
            "version": "==2.0.5"
        },
        "pyhamcrest": {
            "hashes": [],
            "version": "==1.9.0"
        },
        "pyopenssl": {
            "hashes": [],
            "version": "==19.0.0"
        },
        "python-dateutil": {
            "hashes": [],
            "markers": "python_version >= '2.7'",
            "version": "==2.8.0"
        },
        "queuelib": {
            "hashes": [],
            "version": "==1.5.0"
        },
        "s3transfer": {
            "hashes": [],
            "version": "==0.2.0"
        },
        "scrapy": {
            "hashes": [],
            "version": "==1.6.0"
        },
        "service-identity": {
            "hashes": [],
            "version": "==18.1.0"
        },
        "six": {
            "hashes": [],
            "version": "==1.12.0"
        },
        "tabulate": {
            "hashes": [],
            "version": "==0.8.3"
        },
        "tqdm": {
            "hashes": [],
            "version": "==4.31.1"
        },
        "twisted": {
            "hashes": [],
            "version": "==18.9.0"
        },
        "urllib3": {
            "hashes": [],
            "markers": "python_version >= '3.4'",
            "version": "==1.24.1"
        },
        "w3lib": {
            "hashes": [],
            "version": "==1.20.0"
        },
        "zope.interface": {
            "hashes": [],
            "version": "==4.6.0"
        }
    },
    "develop": {
        "appdirs": {
            "hashes": [],
            "version": "==1.4.3"
        },
        "attrs": {
            "hashes": [],
            "version": "==19.1.0"
        },
        "black": {
            "hashes": [],
            "version": "==18.9b0"
        },
        "click": {
            "hashes": [],
            "version": "==7.0"
        },
        "toml": {
            "hashes": [],
            "version": "==0.10.0"
        }
    }
}
